
Microsoft Visual Studio Solution File, Format Version 12.00
# Visual Studio Version 17
VisualStudioVersion = 17.11.35327.3
MinimumVisualStudioVersion = 10.0.40219.1
Project("{FAE04EC0-301F-11D3-BF4B-00C04F79EFBC}") = "RedisKeyValueStore", "RedisKeyValueStore\RedisKeyValueStore.csproj", "{466D055A-9EBA-42FF-877D-6087DB14DAE9}"
EndProject
Global
	GlobalSection(SolutionConfigurationPlatforms) = preSolution
		Debug|Any CPU = Debug|Any CPU
		Release|Any CPU = Release|Any CPU
	EndGlobalSection
	GlobalSection(ProjectConfigurationPlatforms) = postSolution
		{466D055A-9EBA-42FF-877D-6087DB14DAE9}.Debug|Any CPU.ActiveCfg = Debug|Any CPU
		{466D055A-9EBA-42FF-877D-6087DB14DAE9}.Debug|Any CPU.Build.0 = Debug|Any CPU
		{466D055A-9EBA-42FF-877D-6087DB14DAE9}.Release|Any CPU.ActiveCfg = Release|Any CPU
		{466D055A-9EBA-42FF-877D-6087DB14DAE9}.Release|Any CPU.Build.0 = Release|Any CPU
	EndGlobalSection
	GlobalSection(SolutionProperties) = preSolution
		HideSolutionNode = FALSE
	EndGlobalSection
	GlobalSection(ExtensibilityGlobals) = postSolution
		SolutionGuid = {78287BD6-9A8A-4376-A83A-A94FE0208088}
	EndGlobalSection
EndGlobal
